
Microsoft Visual Studio Solution File, Format Version 12.00
# Visual Studio 2013
VisualStudioVersion = 12.0.21005.1
MinimumVisualStudioVersion = 10.0.40219.1
Project("{FAE04EC0-301F-11D3-BF4B-00C04F79EFBC}") = "MazeResolverConsole", "MazeResolverConsole.csproj", "{5AB1298F-DC45-4C69-8F0D-877297362AC7}"
EndProject
Project("{FAE04EC0-301F-11D3-BF4B-00C04F79EFBC}") = "PathFinding", "..\PathFinding\PathFinding.csproj", "{76DAF0F6-2248-4343-99D2-47F6589476DD}"
EndProject
Project("{FAE04EC0-301F-11D3-BF4B-00C04F79EFBC}") = "MazeResolverModule", "MazeResolverModule\MazeResolverModule.csproj", "{B9BD673A-FF01-4F8F-BD3C-E9FEDD1102A7}"
EndProject
Global
	GlobalSection(SolutionConfigurationPlatforms) = preSolution
		Debug|Any CPU = Debug|Any CPU
		Release|Any CPU = Release|Any CPU
	EndGlobalSection
	GlobalSection(ProjectConfigurationPlatforms) = postSolution
		{5AB1298F-DC45-4C69-8F0D-877297362AC7}.Debug|Any CPU.ActiveCfg = Debug|Any CPU
		{5AB1298F-DC45-4C69-8F0D-877297362AC7}.Debug|Any CPU.Build.0 = Debug|Any CPU
		{5AB1298F-DC45-4C69-8F0D-877297362AC7}.Release|Any CPU.ActiveCfg = Release|Any CPU
		{5AB1298F-DC45-4C69-8F0D-877297362AC7}.Release|Any CPU.Build.0 = Release|Any CPU
		{76DAF0F6-2248-4343-99D2-47F6589476DD}.Debug|Any CPU.ActiveCfg = Debug|Any CPU
		{76DAF0F6-2248-4343-99D2-47F6589476DD}.Debug|Any CPU.Build.0 = Debug|Any CPU
		{76DAF0F6-2248-4343-99D2-47F6589476DD}.Release|Any CPU.ActiveCfg = Release|Any CPU
		{76DAF0F6-2248-4343-99D2-47F6589476DD}.Release|Any CPU.Build.0 = Release|Any CPU
		{B9BD673A-FF01-4F8F-BD3C-E9FEDD1102A7}.Debug|Any CPU.ActiveCfg = Debug|Any CPU
		{B9BD673A-FF01-4F8F-BD3C-E9FEDD1102A7}.Debug|Any CPU.Build.0 = Debug|Any CPU
		{B9BD673A-FF01-4F8F-BD3C-E9FEDD1102A7}.Release|Any CPU.ActiveCfg = Release|Any CPU
		{B9BD673A-FF01-4F8F-BD3C-E9FEDD1102A7}.Release|Any CPU.Build.0 = Release|Any CPU
	EndGlobalSection
	GlobalSection(SolutionProperties) = preSolution
		HideSolutionNode = FALSE
	EndGlobalSection
EndGlobal
